
Microsoft Visual Studio Solution File, Format Version 12.00
# Visual Studio Version 17
VisualStudioVersion = 17.0.31903.59
MinimumVisualStudioVersion = 10.0.40219.1
Project("{2150E333-8FDC-42A3-9474-1A3956D46DE8}") = "godot", "godot", "{8D4FAABC-C56A-6D5C-8531-6A6B417F5DBA}"
EndProject
Project("{FAE04EC0-301F-11D3-BF4B-00C04F79EFBC}") = "GodotClient", "godot\GodotClient.csproj", "{A6EE5935-A7D3-4F2D-BD63-75C8BC94A8D6}"
EndProject
Project("{2150E333-8FDC-42A3-9474-1A3956D46DE8}") = "sim", "sim", "{810A42C1-0309-B29B-2828-D52D429D8E2D}"
EndProject
Project("{FAE04EC0-301F-11D3-BF4B-00C04F79EFBC}") = "GameSim", "sim\GameSim\GameSim.csproj", "{06EEF4B4-6621-4801-AC6F-DA79862E2628}"
EndProject
Project("{FAE04EC0-301F-11D3-BF4B-00C04F79EFBC}") = "GameSim.Tests", "sim\GameSim.Tests\GameSim.Tests.csproj", "{746CCB6E-09CA-4663-8483-FB1D4E2736A4}"
EndProject
Project("{FAE04EC0-301F-11D3-BF4B-00C04F79EFBC}") = "GameSim.Cli", "sim\GameSim.Cli\GameSim.Cli.csproj", "{A7FCD04A-303E-48E9-B465-6120E5A29AE8}"
EndProject
Project("{2150E333-8FDC-42A3-9474-1A3956D46DE8}") = "tests", "tests", "{28BB1D07-DA11-7962-66B9-96955EDB131E}"
EndProject
Project("{FAE04EC0-301F-11D3-BF4B-00C04F79EFBC}") = "GodotClient.Tests", "godot\tests\GodotClient.Tests.csproj", "{1BE0B101-5067-43AC-8EFC-6562CED723EE}"
EndProject
Project("{2150E333-8FDC-42A3-9474-1A3956D46DE8}") = "tools", "tools", "{07C2787E-EAC7-C090-1BA3-A61EC2A24D84}"
EndProject
Project("{FAE04EC0-301F-11D3-BF4B-00C04F79EFBC}") = "Analytics", "tools\Analytics\Analytics.csproj", "{20269FFA-B745-405C-990F-49B721D34D64}"
EndProject
Project("{2150E333-8FDC-42A3-9474-1A3956D46DE8}") = "art", "art", "{51072046-5851-F557-4B23-CDEF2B35707E}"
EndProject
Project("{FAE04EC0-301F-11D3-BF4B-00C04F79EFBC}") = "GameArt", "art\GameArt\GameArt.csproj", "{BDEEE4DF-6421-4419-9175-80B32F12A230}"
EndProject
Project("{FAE04EC0-301F-11D3-BF4B-00C04F79EFBC}") = "GameArt.Tests", "art\GameArt.Tests\GameArt.Tests.csproj", "{65B38099-422F-4020-94E4-2BE661C3C810}"
EndProject
Project("{FAE04EC0-301F-11D3-BF4B-00C04F79EFBC}") = "FlavorForge", "tools\FlavorForge\FlavorForge.csproj", "{F3AB8B87-6206-4070-83D6-AC454D28C590}"
EndProject
Project("{FAE04EC0-301F-11D3-BF4B-00C04F79EFBC}") = "FlavorForge.Tests", "tools\FlavorForge.Tests\FlavorForge.Tests.csproj", "{F05E0214-ED0F-4CBB-B7AA-0D50C8E5F507}"
EndProject
Global
	GlobalSection(SolutionConfigurationPlatforms) = preSolution
		Debug|Any CPU = Debug|Any CPU
		Debug|x64 = Debug|x64
		Debug|x86 = Debug|x86
		Release|Any CPU = Release|Any CPU
		Release|x64 = Release|x64
		Release|x86 = Release|x86
	EndGlobalSection
	GlobalSection(ProjectConfigurationPlatforms) = postSolution
		{A6EE5935-A7D3-4F2D-BD63-75C8BC94A8D6}.Debug|Any CPU.ActiveCfg = Debug|Any CPU
		{A6EE5935-A7D3-4F2D-BD63-75C8BC94A8D6}.Debug|Any CPU.Build.0 = Debug|Any CPU
		{A6EE5935-A7D3-4F2D-BD63-75C8BC94A8D6}.Debug|x64.ActiveCfg = Debug|Any CPU
		{A6EE5935-A7D3-4F2D-BD63-75C8BC94A8D6}.Debug|x64.Build.0 = Debug|Any CPU
		{A6EE5935-A7D3-4F2D-BD63-75C8BC94A8D6}.Debug|x86.ActiveCfg = Debug|Any CPU
		{A6EE5935-A7D3-4F2D-BD63-75C8BC94A8D6}.Debug|x86.Build.0 = Debug|Any CPU
		{A6EE5935-A7D3-4F2D-BD63-75C8BC94A8D6}.Release|Any CPU.ActiveCfg = Debug|Any CPU
		{A6EE5935-A7D3-4F2D-BD63-75C8BC94A8D6}.Release|Any CPU.Build.0 = Debug|Any CPU
		{A6EE5935-A7D3-4F2D-BD63-75C8BC94A8D6}.Release|x64.ActiveCfg = Debug|Any CPU
		{A6EE5935-A7D3-4F2D-BD63-75C8BC94A8D6}.Release|x64.Build.0 = Debug|Any CPU
		{A6EE5935-A7D3-4F2D-BD63-75C8BC94A8D6}.Release|x86.ActiveCfg = Debug|Any CPU
		{A6EE5935-A7D3-4F2D-BD63-75C8BC94A8D6}.Release|x86.Build.0 = Debug|Any CPU
		{06EEF4B4-6621-4801-AC6F-DA79862E2628}.Debug|Any CPU.ActiveCfg = Debug|Any CPU
		{06EEF4B4-6621-4801-AC6F-DA79862E2628}.Debug|Any CPU.Build.0 = Debug|Any CPU
		{06EEF4B4-6621-4801-AC6F-DA79862E2628}.Debug|x64.ActiveCfg = Debug|Any CPU
		{06EEF4B4-6621-4801-AC6F-DA79862E2628}.Debug|x64.Build.0 = Debug|Any CPU
		{06EEF4B4-6621-4801-AC6F-DA79862E2628}.Debug|x86.ActiveCfg = Debug|Any CPU
		{06EEF4B4-6621-4801-AC6F-DA79862E2628}.Debug|x86.Build.0 = Debug|Any CPU
		{06EEF4B4-6621-4801-AC6F-DA79862E2628}.Release|Any CPU.ActiveCfg = Release|Any CPU
		{06EEF4B4-6621-4801-AC6F-DA79862E2628}.Release|Any CPU.Build.0 = Release|Any CPU
		{06EEF4B4-6621-4801-AC6F-DA79862E2628}.Release|x64.ActiveCfg = Release|Any CPU
		{06EEF4B4-6621-4801-AC6F-DA79862E2628}.Release|x64.Build.0 = Release|Any CPU
		{06EEF4B4-6621-4801-AC6F-DA79862E2628}.Release|x86.ActiveCfg = Release|Any CPU
		{06EEF4B4-6621-4801-AC6F-DA79862E2628}.Release|x86.Build.0 = Release|Any CPU
		{746CCB6E-09CA-4663-8483-FB1D4E2736A4}.Debug|Any CPU.ActiveCfg = Debug|Any CPU
		{746CCB6E-09CA-4663-8483-FB1D4E2736A4}.Debug|Any CPU.Build.0 = Debug|Any CPU
		{746CCB6E-09CA-4663-8483-FB1D4E2736A4}.Debug|x64.ActiveCfg = Debug|Any CPU
		{746CCB6E-09CA-4663-8483-FB1D4E2736A4}.Debug|x64.Build.0 = Debug|Any CPU
		{746CCB6E-09CA-4663-8483-FB1D4E2736A4}.Debug|x86.ActiveCfg = Debug|Any CPU
		{746CCB6E-09CA-4663-8483-FB1D4E2736A4}.Debug|x86.Build.0 = Debug|Any CPU
		{746CCB6E-09CA-4663-8483-FB1D4E2736A4}.Release|Any CPU.ActiveCfg = Release|Any CPU
		{746CCB6E-09CA-4663-8483-FB1D4E2736A4}.Release|Any CPU.Build.0 = Release|Any CPU
		{746CCB6E-09CA-4663-8483-FB1D4E2736A4}.Release|x64.ActiveCfg = Release|Any CPU
		{746CCB6E-09CA-4663-8483-FB1D4E2736A4}.Release|x64.Build.0 = Release|Any CPU
		{746CCB6E-09CA-4663-8483-FB1D4E2736A4}.Release|x86.ActiveCfg = Release|Any CPU
		{746CCB6E-09CA-4663-8483-FB1D4E2736A4}.Release|x86.Build.0 = Release|Any CPU
		{A7FCD04A-303E-48E9-B465-6120E5A29AE8}.Debug|Any CPU.ActiveCfg = Debug|Any CPU
		{A7FCD04A-303E-48E9-B465-6120E5A29AE8}.Debug|Any CPU.Build.0 = Debug|Any CPU
		{A7FCD04A-303E-48E9-B465-6120E5A29AE8}.Debug|x64.ActiveCfg = Debug|Any CPU
		{A7FCD04A-303E-48E9-B465-6120E5A29AE8}.Debug|x64.Build.0 = Debug|Any CPU
		{A7FCD04A-303E-48E9-B465-6120E5A29AE8}.Debug|x86.ActiveCfg = Debug|Any CPU
		{A7FCD04A-303E-48E9-B465-6120E5A29AE8}.Debug|x86.Build.0 = Debug|Any CPU
		{A7FCD04A-303E-48E9-B465-6120E5A29AE8}.Release|Any CPU.ActiveCfg = Release|Any CPU
		{A7FCD04A-303E-48E9-B465-6120E5A29AE8}.Release|Any CPU.Build.0 = Release|Any CPU
		{A7FCD04A-303E-48E9-B465-6120E5A29AE8}.Release|x64.ActiveCfg = Release|Any CPU
		{A7FCD04A-303E-48E9-B465-6120E5A29AE8}.Release|x64.Build.0 = Release|Any CPU
		{A7FCD04A-303E-48E9-B465-6120E5A29AE8}.Release|x86.ActiveCfg = Release|Any CPU
		{A7FCD04A-303E-48E9-B465-6120E5A29AE8}.Release|x86.Build.0 = Release|Any CPU
		{1BE0B101-5067-43AC-8EFC-6562CED723EE}.Debug|Any CPU.ActiveCfg = Debug|Any CPU
		{1BE0B101-5067-43AC-8EFC-6562CED723EE}.Debug|Any CPU.Build.0 = Debug|Any CPU
		{1BE0B101-5067-43AC-8EFC-6562CED723EE}.Debug|x64.ActiveCfg = Debug|Any CPU
		{1BE0B101-5067-43AC-8EFC-6562CED723EE}.Debug|x64.Build.0 = Debug|Any CPU
		{1BE0B101-5067-43AC-8EFC-6562CED723EE}.Debug|x86.ActiveCfg = Debug|Any CPU
		{1BE0B101-5067-43AC-8EFC-6562CED723EE}.Debug|x86.Build.0 = Debug|Any CPU
		{1BE0B101-5067-43AC-8EFC-6562CED723EE}.Release|Any CPU.ActiveCfg = Release|Any CPU
		{1BE0B101-5067-43AC-8EFC-6562CED723EE}.Release|Any CPU.Build.0 = Release|Any CPU
		{1BE0B101-5067-43AC-8EFC-6562CED723EE}.Release|x64.ActiveCfg = Release|Any CPU
		{1BE0B101-5067-43AC-8EFC-6562CED723EE}.Release|x64.Build.0 = Release|Any CPU
		{1BE0B101-5067-43AC-8EFC-6562CED723EE}.Release|x86.ActiveCfg = Release|Any CPU
		{1BE0B101-5067-43AC-8EFC-6562CED723EE}.Release|x86.Build.0 = Release|Any CPU
		{20269FFA-B745-405C-990F-49B721D34D64}.Debug|Any CPU.ActiveCfg = Debug|Any CPU
		{20269FFA-B745-405C-990F-49B721D34D64}.Debug|Any CPU.Build.0 = Debug|Any CPU
		{20269FFA-B745-405C-990F-49B721D34D64}.Debug|x64.ActiveCfg = Debug|Any CPU
		{20269FFA-B745-405C-990F-49B721D34D64}.Debug|x64.Build.0 = Debug|Any CPU
		{20269FFA-B745-405C-990F-49B721D34D64}.Debug|x86.ActiveCfg = Debug|Any CPU
		{20269FFA-B745-405C-990F-49B721D34D64}.Debug|x86.Build.0 = Debug|Any CPU
		{20269FFA-B745-405C-990F-49B721D34D64}.Release|Any CPU.ActiveCfg = Release|Any CPU
		{20269FFA-B745-405C-990F-49B721D34D64}.Release|Any CPU.Build.0 = Release|Any CPU
		{20269FFA-B745-405C-990F-49B721D34D64}.Release|x64.ActiveCfg = Release|Any CPU
		{20269FFA-B745-405C-990F-49B721D34D64}.Release|x64.Build.0 = Release|Any CPU
		{20269FFA-B745-405C-990F-49B721D34D64}.Release|x86.ActiveCfg = Release|Any CPU
		{20269FFA-B745-405C-990F-49B721D34D64}.Release|x86.Build.0 = Release|Any CPU
		{BDEEE4DF-6421-4419-9175-80B32F12A230}.Debug|Any CPU.ActiveCfg = Debug|Any CPU
		{BDEEE4DF-6421-4419-9175-80B32F12A230}.Debug|Any CPU.Build.0 = Debug|Any CPU
		{BDEEE4DF-6421-4419-9175-80B32F12A230}.Debug|x64.ActiveCfg = Debug|Any CPU
		{BDEEE4DF-6421-4419-9175-80B32F12A230}.Debug|x64.Build.0 = Debug|Any CPU
		{BDEEE4DF-6421-4419-9175-80B32F12A230}.Debug|x86.ActiveCfg = Debug|Any CPU
		{BDEEE4DF-6421-4419-9175-80B32F12A230}.Debug|x86.Build.0 = Debug|Any CPU
		{BDEEE4DF-6421-4419-9175-80B32F12A230}.Release|Any CPU.ActiveCfg = Release|Any CPU
		{BDEEE4DF-6421-4419-9175-80B32F12A230}.Release|Any CPU.Build.0 = Release|Any CPU
		{BDEEE4DF-6421-4419-9175-80B32F12A230}.Release|x64.ActiveCfg = Release|Any CPU
		{BDEEE4DF-6421-4419-9175-80B32F12A230}.Release|x64.Build.0 = Release|Any CPU
		{BDEEE4DF-6421-4419-9175-80B32F12A230}.Release|x86.ActiveCfg = Release|Any CPU
		{BDEEE4DF-6421-4419-9175-80B32F12A230}.Release|x86.Build.0 = Release|Any CPU
		{65B38099-422F-4020-94E4-2BE661C3C810}.Debug|Any CPU.ActiveCfg = Debug|Any CPU
		{65B38099-422F-4020-94E4-2BE661C3C810}.Debug|Any CPU.Build.0 = Debug|Any CPU
		{65B38099-422F-4020-94E4-2BE661C3C810}.Debug|x64.ActiveCfg = Debug|Any CPU
		{65B38099-422F-4020-94E4-2BE661C3C810}.Debug|x64.Build.0 = Debug|Any CPU
		{65B38099-422F-4020-94E4-2BE661C3C810}.Debug|x86.ActiveCfg = Debug|Any CPU
		{65B38099-422F-4020-94E4-2BE661C3C810}.Debug|x86.Build.0 = Debug|Any CPU
		{65B38099-422F-4020-94E4-2BE661C3C810}.Release|Any CPU.ActiveCfg = Release|Any CPU
		{65B38099-422F-4020-94E4-2BE661C3C810}.Release|Any CPU.Build.0 = Release|Any CPU
		{65B38099-422F-4020-94E4-2BE661C3C810}.Release|x64.ActiveCfg = Release|Any CPU
		{65B38099-422F-4020-94E4-2BE661C3C810}.Release|x64.Build.0 = Release|Any CPU
		{65B38099-422F-4020-94E4-2BE661C3C810}.Release|x86.ActiveCfg = Release|Any CPU
		{65B38099-422F-4020-94E4-2BE661C3C810}.Release|x86.Build.0 = Release|Any CPU
		{F3AB8B87-6206-4070-83D6-AC454D28C590}.Debug|Any CPU.ActiveCfg = Debug|Any CPU
		{F3AB8B87-6206-4070-83D6-AC454D28C590}.Debug|Any CPU.Build.0 = Debug|Any CPU
		{F3AB8B87-6206-4070-83D6-AC454D28C590}.Debug|x64.ActiveCfg = Debug|Any CPU
		{F3AB8B87-6206-4070-83D6-AC454D28C590}.Debug|x64.Build.0 = Debug|Any CPU
		{F3AB8B87-6206-4070-83D6-AC454D28C590}.Debug|x86.ActiveCfg = Debug|Any CPU
		{F3AB8B87-6206-4070-83D6-AC454D28C590}.Debug|x86.Build.0 = Debug|Any CPU
		{F3AB8B87-6206-4070-83D6-AC454D28C590}.Release|Any CPU.ActiveCfg = Release|Any CPU
		{F3AB8B87-6206-4070-83D6-AC454D28C590}.Release|Any CPU.Build.0 = Release|Any CPU
		{F3AB8B87-6206-4070-83D6-AC454D28C590}.Release|x64.ActiveCfg = Release|Any CPU
		{F3AB8B87-6206-4070-83D6-AC454D28C590}.Release|x64.Build.0 = Release|Any CPU
		{F3AB8B87-6206-4070-83D6-AC454D28C590}.Release|x86.ActiveCfg = Release|Any CPU
		{F3AB8B87-6206-4070-83D6-AC454D28C590}.Release|x86.Build.0 = Release|Any CPU
		{F05E0214-ED0F-4CBB-B7AA-0D50C8E5F507}.Debug|Any CPU.ActiveCfg = Debug|Any CPU
		{F05E0214-ED0F-4CBB-B7AA-0D50C8E5F507}.Debug|Any CPU.Build.0 = Debug|Any CPU
		{F05E0214-ED0F-4CBB-B7AA-0D50C8E5F507}.Debug|x64.ActiveCfg = Debug|Any CPU
		{F05E0214-ED0F-4CBB-B7AA-0D50C8E5F507}.Debug|x64.Build.0 = Debug|Any CPU
		{F05E0214-ED0F-4CBB-B7AA-0D50C8E5F507}.Debug|x86.ActiveCfg = Debug|Any CPU
		{F05E0214-ED0F-4CBB-B7AA-0D50C8E5F507}.Debug|x86.Build.0 = Debug|Any CPU
		{F05E0214-ED0F-4CBB-B7AA-0D50C8E5F507}.Release|Any CPU.ActiveCfg = Release|Any CPU
		{F05E0214-ED0F-4CBB-B7AA-0D50C8E5F507}.Release|Any CPU.Build.0 = Release|Any CPU
		{F05E0214-ED0F-4CBB-B7AA-0D50C8E5F507}.Release|x64.ActiveCfg = Release|Any CPU
		{F05E0214-ED0F-4CBB-B7AA-0D50C8E5F507}.Release|x64.Build.0 = Release|Any CPU
		{F05E0214-ED0F-4CBB-B7AA-0D50C8E5F507}.Release|x86.ActiveCfg = Release|Any CPU
		{F05E0214-ED0F-4CBB-B7AA-0D50C8E5F507}.Release|x86.Build.0 = Release|Any CPU
	EndGlobalSection
	GlobalSection(SolutionProperties) = preSolution
		HideSolutionNode = FALSE
	EndGlobalSection
	GlobalSection(NestedProjects) = preSolution
		{A6EE5935-A7D3-4F2D-BD63-75C8BC94A8D6} = {8D4FAABC-C56A-6D5C-8531-6A6B417F5DBA}
		{06EEF4B4-6621-4801-AC6F-DA79862E2628} = {810A42C1-0309-B29B-2828-D52D429D8E2D}
		{746CCB6E-09CA-4663-8483-FB1D4E2736A4} = {810A42C1-0309-B29B-2828-D52D429D8E2D}
		{A7FCD04A-303E-48E9-B465-6120E5A29AE8} = {810A42C1-0309-B29B-2828-D52D429D8E2D}
		{28BB1D07-DA11-7962-66B9-96955EDB131E} = {8D4FAABC-C56A-6D5C-8531-6A6B417F5DBA}
		{1BE0B101-5067-43AC-8EFC-6562CED723EE} = {28BB1D07-DA11-7962-66B9-96955EDB131E}
		{20269FFA-B745-405C-990F-49B721D34D64} = {07C2787E-EAC7-C090-1BA3-A61EC2A24D84}
		{BDEEE4DF-6421-4419-9175-80B32F12A230} = {51072046-5851-F557-4B23-CDEF2B35707E}
		{65B38099-422F-4020-94E4-2BE661C3C810} = {51072046-5851-F557-4B23-CDEF2B35707E}
		{F3AB8B87-6206-4070-83D6-AC454D28C590} = {07C2787E-EAC7-C090-1BA3-A61EC2A24D84}
		{F05E0214-ED0F-4CBB-B7AA-0D50C8E5F507} = {07C2787E-EAC7-C090-1BA3-A61EC2A24D84}
	EndGlobalSection
EndGlobal
